
Microsoft Visual Studio Solution File, Format Version 12.00
# Visual Studio Version 17
VisualStudioVersion = 17.5.33424.131
MinimumVisualStudioVersion = 10.0.40219.1
Project("{8BC9CEB8-8B4A-11D0-8D11-00A0C91BC942}") = "Task1", "Task1\Task1.vcxproj", "{EC1838CB-3B26-4B08-B811-94A3D097E39E}"
EndProject
Global
	GlobalSection(SolutionConfigurationPlatforms) = preSolution
		Debug|x64 = Debug|x64
		Debug|x86 = Debug|x86
		Release|x64 = Release|x64
		Release|x86 = Release|x86
	EndGlobalSection
	GlobalSection(ProjectConfigurationPlatforms) = postSolution
		{EC1838CB-3B26-4B08-B811-94A3D097E39E}.Debug|x64.ActiveCfg = Debug|x64
		{EC1838CB-3B26-4B08-B811-94A3D097E39E}.Debug|x64.Build.0 = Debug|x64
		{EC1838CB-3B26-4B08-B811-94A3D097E39E}.Debug|x86.ActiveCfg = Debug|Win32
		{EC1838CB-3B26-4B08-B811-94A3D097E39E}.Debug|x86.Build.0 = Debug|Win32
		{EC1838CB-3B26-4B08-B811-94A3D097E39E}.Release|x64.ActiveCfg = Release|x64
		{EC1838CB-3B26-4B08-B811-94A3D097E39E}.Release|x64.Build.0 = Release|x64
		{EC1838CB-3B26-4B08-B811-94A3D097E39E}.Release|x86.ActiveCfg = Release|Win32
		{EC1838CB-3B26-4B08-B811-94A3D097E39E}.Release|x86.Build.0 = Release|Win32
	EndGlobalSection
	GlobalSection(SolutionProperties) = preSolution
		HideSolutionNode = FALSE
	EndGlobalSection
	GlobalSection(ExtensibilityGlobals) = postSolution
		SolutionGuid = {65FC822A-73A2-49DA-8852-6E984B693935}
	EndGlobalSection
EndGlobal
